
Microsoft Visual Studio Solution File, Format Version 12.00
# Visual Studio Version 17
VisualStudioVersion = 17.5.33530.505
MinimumVisualStudioVersion = 10.0.40219.1
Project("{FAE04EC0-301F-11D3-BF4B-00C04F79EFBC}") = "LearningSix", "LearningSix.csproj", "{1DF4C9BC-87A6-45A1-A8B3-E9D2CFD2711F}"
EndProject
Global
	GlobalSection(SolutionConfigurationPlatforms) = preSolution
		Debug|Any CPU = Debug|Any CPU
		Release|Any CPU = Release|Any CPU
	EndGlobalSection
	GlobalSection(ProjectConfigurationPlatforms) = postSolution
		{1DF4C9BC-87A6-45A1-A8B3-E9D2CFD2711F}.Debug|Any CPU.ActiveCfg = Debug|Any CPU
		{1DF4C9BC-87A6-45A1-A8B3-E9D2CFD2711F}.Debug|Any CPU.Build.0 = Debug|Any CPU
		{1DF4C9BC-87A6-45A1-A8B3-E9D2CFD2711F}.Release|Any CPU.ActiveCfg = Release|Any CPU
		{1DF4C9BC-87A6-45A1-A8B3-E9D2CFD2711F}.Release|Any CPU.Build.0 = Release|Any CPU
	EndGlobalSection
	GlobalSection(SolutionProperties) = preSolution
		HideSolutionNode = FALSE
	EndGlobalSection
	GlobalSection(ExtensibilityGlobals) = postSolution
		SolutionGuid = {F72F766B-CD4C-4360-8FFD-FCD0FBED7A2A}
	EndGlobalSection
EndGlobal
